
Microsoft Visual Studio Solution File, Format Version 12.00
# Visual Studio Version 17
VisualStudioVersion = 17.6.33829.357
MinimumVisualStudioVersion = 10.0.40219.1
Project("{9A19103F-16F7-4668-BE54-9A1E7A4F7556}") = "Application", "Application\Application.csproj", "{C5ECA341-31DB-4699-A629-E7224A40EAA9}"
EndProject
Project("{9A19103F-16F7-4668-BE54-9A1E7A4F7556}") = "Domain", "Domain\Domain.csproj", "{9A4A18C7-2D9D-4418-89E1-DEEBBFBAFCAC}"
EndProject
Project("{9A19103F-16F7-4668-BE54-9A1E7A4F7556}") = "Persistence", "Persistance\Persistence.csproj", "{B4052D57-6B20-4FA5-9278-C563891BE25B}"
EndProject
Project("{9A19103F-16F7-4668-BE54-9A1E7A4F7556}") = "WebApi", "WebApi\WebApi.csproj", "{A77F9155-1684-40F8-8749-32BC7A8B16B3}"
EndProject
Global
	GlobalSection(SolutionConfigurationPlatforms) = preSolution
		Debug|Any CPU = Debug|Any CPU
		Release|Any CPU = Release|Any CPU
	EndGlobalSection
	GlobalSection(ProjectConfigurationPlatforms) = postSolution
		{C5ECA341-31DB-4699-A629-E7224A40EAA9}.Debug|Any CPU.ActiveCfg = Debug|Any CPU
		{C5ECA341-31DB-4699-A629-E7224A40EAA9}.Debug|Any CPU.Build.0 = Debug|Any CPU
		{C5ECA341-31DB-4699-A629-E7224A40EAA9}.Release|Any CPU.ActiveCfg = Release|Any CPU
		{C5ECA341-31DB-4699-A629-E7224A40EAA9}.Release|Any CPU.Build.0 = Release|Any CPU
		{9A4A18C7-2D9D-4418-89E1-DEEBBFBAFCAC}.Debug|Any CPU.ActiveCfg = Debug|Any CPU
		{9A4A18C7-2D9D-4418-89E1-DEEBBFBAFCAC}.Debug|Any CPU.Build.0 = Debug|Any CPU
		{9A4A18C7-2D9D-4418-89E1-DEEBBFBAFCAC}.Release|Any CPU.ActiveCfg = Release|Any CPU
		{9A4A18C7-2D9D-4418-89E1-DEEBBFBAFCAC}.Release|Any CPU.Build.0 = Release|Any CPU
		{B4052D57-6B20-4FA5-9278-C563891BE25B}.Debug|Any CPU.ActiveCfg = Debug|Any CPU
		{B4052D57-6B20-4FA5-9278-C563891BE25B}.Debug|Any CPU.Build.0 = Debug|Any CPU
		{B4052D57-6B20-4FA5-9278-C563891BE25B}.Release|Any CPU.ActiveCfg = Release|Any CPU
		{B4052D57-6B20-4FA5-9278-C563891BE25B}.Release|Any CPU.Build.0 = Release|Any CPU
		{A77F9155-1684-40F8-8749-32BC7A8B16B3}.Debug|Any CPU.ActiveCfg = Debug|Any CPU
		{A77F9155-1684-40F8-8749-32BC7A8B16B3}.Debug|Any CPU.Build.0 = Debug|Any CPU
		{A77F9155-1684-40F8-8749-32BC7A8B16B3}.Release|Any CPU.ActiveCfg = Release|Any CPU
		{A77F9155-1684-40F8-8749-32BC7A8B16B3}.Release|Any CPU.Build.0 = Release|Any CPU
	EndGlobalSection
	GlobalSection(SolutionProperties) = preSolution
		HideSolutionNode = FALSE
	EndGlobalSection
	GlobalSection(ExtensibilityGlobals) = postSolution
		SolutionGuid = {C43DB609-FAD8-46B7-9376-04A9E1CC1EEB}
	EndGlobalSection
EndGlobal
